{
    "created": "2017-09-20T23:10:13",
    "dependencies": {
        "requests": {
            "depends_on": [],
            "line": "requests>=2.0.0"
        },
        "path.py": {
            "depends_on": [],
            "line": "path.py==10.4"
        },
        "click": {
            "depends_on": [],
            "line": "click>=6.7"
        },
        "click-log": {
            "depends_on": [
                "click"
            ],
            "line": "click-log>=0.2.0"
        },
        "delegator.py": {
            "depends_on": [
                "pexpect",
                "ptyprocess"
            ],
            "line": "delegator.py>=0.0.13"
        },
        "future": {
            "depends_on": [],
            "line": "future>=0.16.0"
        },
        "parse": {
            "depends_on": [],
            "line": "parse>=1.8.2"
        },
        "semantic-version": {
            "depends_on": [],
            "line": "semantic-version>=2.6.0"
        },
        "simplejson": {
            "depends_on": [],
            "line": "simplejson>=3.11.1"
        },
        "tabulate": {
            "depends_on": [],
            "line": "tabulate>=0.7.7"
        },
        "crayons": {
            "depends_on": [
                "colorama"
            ],
            "line": "crayons>=0.1.2"
        },
        "click-spinner": {
            "depends_on": [],
            "line": "click-spinner>=0.1.7"
        },
        "emoji": {
            "depends_on": [],
            "line": "emoji>=0.4.5"
        },
        "pew": {
            "depends_on": [
                "backports.shutil-get-terminal-size",
                "pathlib",
                "pythonz-bd",
                "shutilwhich",
                "virtualenv",
                "virtualenv-clone"
            ],
            "line": "pew>=0.1.26"
        },
        "pexpect": {
            "depends_on": [
                "ptyprocess"
            ],
            "line": "pexpect>=4.2.1"
        }
    },
    "dev_dependencies": {
        "coveralls": {
            "depends_on": [
                "coverage",
                "requests",
                "docopt",
                "urllib3",
                "idna",
                "pyOpenSSL",
                "cryptography",
                "certifi",
                "ipaddress",
                "six",
                "asn1crypto",
                "enum34",
                "cffi",
                "pycparser"
            ],
            "line": "coveralls>=1.2.0"
        },
        "pytest": {
            "depends_on": [
                "py"
            ],
            "line": "pytest>=3.2.2"
        },
        "twine": {
            "depends_on": [
                "certifi",
                "chardet",
                "idna",
                "pkginfo",
                "requests",
                "requests-toolbelt",
                "tqdm",
                "urllib3"
            ],
            "line": "twine>=1.9.1"
        }
    },
    "dependables": [
        "py",
        "cffi",
        "enum34",
        "click",
        "requests-toolbelt",
        "virtualenv",
        "pexpect",
        "backports.shutil-get-terminal-size",
        "pkginfo",
        "six",
        "pathlib",
        "ptyprocess",
        "certifi",
        "tqdm",
        "cryptography",
        "pycparser",
        "urllib3",
        "colorama",
        "coverage",
        "ipaddress",
        "pyOpenSSL",
        "virtualenv-clone",
        "pythonz-bd",
        "shutilwhich",
        "chardet",
        "requests",
        "docopt",
        "idna",
        "asn1crypto"
    ],
    "frozen_deps": {
        "tqdm": {
            "specifier": true,
            "local_file": false,
            "name": "tqdm",
            "extras": [],
            "editable": false,
            "uri": null,
            "vcs": null,
            "path": null,
            "line": "tqdm==4.17.1",
            "specs": [
                [
                    "==",
                    "4.17.1"
                ]
            ],
            "revision": null
        },
        "virtualenv": {
            "specifier": true,
            "local_file": false,
            "name": "virtualenv",
            "extras": [],
            "editable": false,
            "uri": null,
            "vcs": null,
            "path": null,
            "line": "virtualenv==15.1.0",
            "specs": [
                [
                    "==",
                    "15.1.0"
                ]
            ],
            "revision": null
        },
        "twine": {
            "specifier": true,
            "local_file": false,
            "name": "twine",
            "extras": [],
            "editable": false,
            "uri": null,
            "vcs": null,
            "path": null,
            "line": "twine==1.9.1",
            "specs": [
                [
                    "==",
                    "1.9.1"
                ]
            ],
            "revision": null
        },
        "pkg-resources": {
            "specifier": true,
            "local_file": false,
            "name": "pkg-resources",
            "extras": [],
            "editable": false,
            "uri": null,
            "vcs": null,
            "path": null,
            "line": "pkg-resources==0.0.0",
            "specs": [
                [
                    "==",
                    "0.0.0"
                ]
            ],
            "revision": null
        },
        "pexpect": {
            "specifier": true,
            "local_file": false,
            "name": "pexpect",
            "extras": [],
            "editable": false,
            "uri": null,
            "vcs": null,
            "path": null,
            "line": "pexpect==4.2.1",
            "specs": [
                [
                    "==",
                    "4.2.1"
                ]
            ],
            "revision": null
        },
        "backports.shutil-get-terminal-size": {
            "specifier": true,
            "local_file": false,
            "name": "backports.shutil-get-terminal-size",
            "extras": [],
            "editable": false,
            "uri": null,
            "vcs": null,
            "path": null,
            "line": "backports.shutil-get-terminal-size==1.0.0",
            "specs": [
                [
                    "==",
                    "1.0.0"
                ]
            ],
            "revision": null
        },
        "pkginfo": {
            "specifier": true,
            "local_file": false,
            "name": "pkginfo",
            "extras": [],
            "editable": false,
            "uri": null,
            "vcs": null,
            "path": null,
            "line": "pkginfo==1.4.1",
            "specs": [
                [
                    "==",
                    "1.4.1"
                ]
            ],
            "revision": null
        },
        "virtualenv-clone": {
            "specifier": true,
            "local_file": false,
            "name": "virtualenv-clone",
            "extras": [],
            "editable": false,
            "uri": null,
            "vcs": null,
            "path": null,
            "line": "virtualenv-clone==0.2.6",
            "specs": [
                [
                    "==",
                    "0.2.6"
                ]
            ],
            "revision": null
        },
        "pew": {
            "specifier": true,
            "local_file": false,
            "name": "pew",
            "extras": [],
            "editable": false,
            "uri": null,
            "vcs": null,
            "path": null,
            "line": "pew==0.1.26",
            "specs": [
                [
                    "==",
                    "0.1.26"
                ]
            ],
            "revision": null
        },
        "urllib3": {
            "specifier": true,
            "local_file": false,
            "name": "urllib3",
            "extras": [],
            "editable": false,
            "uri": null,
            "vcs": null,
            "path": null,
            "line": "urllib3==1.22",
            "specs": [
                [
                    "==",
                    "1.22"
                ]
            ],
            "revision": null
        },
        "pathlib": {
            "specifier": true,
            "local_file": false,
            "name": "pathlib",
            "extras": [],
            "editable": false,
            "uri": null,
            "vcs": null,
            "path": null,
            "line": "pathlib==1.0.1",
            "specs": [
                [
                    "==",
                    "1.0.1"
                ]
            ],
            "revision": null
        },
        "ptyprocess": {
            "specifier": true,
            "local_file": false,
            "name": "ptyprocess",
            "extras": [],
            "editable": false,
            "uri": null,
            "vcs": null,
            "path": null,
            "line": "ptyprocess==0.5.2",
            "specs": [
                [
                    "==",
                    "0.5.2"
                ]
            ],
            "revision": null
        },
        "pythonz-bd": {
            "specifier": true,
            "local_file": false,
            "name": "pythonz-bd",
            "extras": [],
            "editable": false,
            "uri": null,
            "vcs": null,
            "path": null,
            "line": "pythonz-bd==1.11.4",
            "specs": [
                [
                    "==",
                    "1.11.4"
                ]
            ],
            "revision": null
        },
        "shutilwhich": {
            "specifier": true,
            "local_file": false,
            "name": "shutilwhich",
            "extras": [],
            "editable": false,
            "uri": null,
            "vcs": null,
            "path": null,
            "line": "shutilwhich==1.1.0",
            "specs": [
                [
                    "==",
                    "1.1.0"
                ]
            ],
            "revision": null
        },
        "chardet": {
            "specifier": true,
            "local_file": false,
            "name": "chardet",
            "extras": [],
            "editable": false,
            "uri": null,
            "vcs": null,
            "path": null,
            "line": "chardet==3.0.4",
            "specs": [
                [
                    "==",
                    "3.0.4"
                ]
            ],
            "revision": null
        },
        "requests": {
            "specifier": true,
            "local_file": false,
            "name": "requests",
            "extras": [],
            "editable": false,
            "uri": null,
            "vcs": null,
            "path": null,
            "line": "requests==2.18.4",
            "specs": [
                [
                    "==",
                    "2.18.4"
                ]
            ],
            "revision": null
        },
        "certifi": {
            "specifier": true,
            "local_file": false,
            "name": "certifi",
            "extras": [],
            "editable": false,
            "uri": null,
            "vcs": null,
            "path": null,
            "line": "certifi==2017.7.27.1",
            "specs": [
                [
                    "==",
                    "2017.7.27.1"
                ]
            ],
            "revision": null
        },
        "idna": {
            "specifier": true,
            "local_file": false,
            "name": "idna",
            "extras": [],
            "editable": false,
            "uri": null,
            "vcs": null,
            "path": null,
            "line": "idna==2.6",
            "specs": [
                [
                    "==",
                    "2.6"
                ]
            ],
            "revision": null
        },
        "requests-toolbelt": {
            "specifier": true,
            "local_file": false,
            "name": "requests-toolbelt",
            "extras": [],
            "editable": false,
            "uri": null,
            "vcs": null,
            "path": null,
            "line": "requests-toolbelt==0.8.0",
            "specs": [
                [
                    "==",
                    "0.8.0"
                ]
            ],
            "revision": null
        }
    }
}